
Microsoft Visual Studio Solution File, Format Version 12.00
# Visual Studio Version 16
VisualStudioVersion = 16.0.29306.81
MinimumVisualStudioVersion = 10.0.40219.1
Project("{FAE04EC0-301F-11D3-BF4B-00C04F79EFBC}") = "PRS_Server", "PRS_Server\PRS_Server.csproj", "{AEF0F166-4D49-44A3-A40E-E86C741B8EFB}"
EndProject
Project("{FAE04EC0-301F-11D3-BF4B-00C04F79EFBC}") = "PRS_ServerLibrary", "PRS_ServerLibrary\PRS_ServerLibrary.csproj", "{0DD74411-F011-4A4A-9335-AF518DC01B69}"
EndProject
Project("{FAE04EC0-301F-11D3-BF4B-00C04F79EFBC}") = "PRS_WebApi", "PRS_WebApi\PRS_WebApi.csproj", "{E2A32E9E-A6A2-4AF6-927F-E618B02C8323}"
EndProject
Global
	GlobalSection(SolutionConfigurationPlatforms) = preSolution
		Debug|Any CPU = Debug|Any CPU
		Release|Any CPU = Release|Any CPU
	EndGlobalSection
	GlobalSection(ProjectConfigurationPlatforms) = postSolution
		{AEF0F166-4D49-44A3-A40E-E86C741B8EFB}.Debug|Any CPU.ActiveCfg = Debug|Any CPU
		{AEF0F166-4D49-44A3-A40E-E86C741B8EFB}.Debug|Any CPU.Build.0 = Debug|Any CPU
		{AEF0F166-4D49-44A3-A40E-E86C741B8EFB}.Release|Any CPU.ActiveCfg = Release|Any CPU
		{AEF0F166-4D49-44A3-A40E-E86C741B8EFB}.Release|Any CPU.Build.0 = Release|Any CPU
		{0DD74411-F011-4A4A-9335-AF518DC01B69}.Debug|Any CPU.ActiveCfg = Debug|Any CPU
		{0DD74411-F011-4A4A-9335-AF518DC01B69}.Debug|Any CPU.Build.0 = Debug|Any CPU
		{0DD74411-F011-4A4A-9335-AF518DC01B69}.Release|Any CPU.ActiveCfg = Release|Any CPU
		{0DD74411-F011-4A4A-9335-AF518DC01B69}.Release|Any CPU.Build.0 = Release|Any CPU
		{E2A32E9E-A6A2-4AF6-927F-E618B02C8323}.Debug|Any CPU.ActiveCfg = Debug|Any CPU
		{E2A32E9E-A6A2-4AF6-927F-E618B02C8323}.Debug|Any CPU.Build.0 = Debug|Any CPU
		{E2A32E9E-A6A2-4AF6-927F-E618B02C8323}.Release|Any CPU.ActiveCfg = Release|Any CPU
		{E2A32E9E-A6A2-4AF6-927F-E618B02C8323}.Release|Any CPU.Build.0 = Release|Any CPU
	EndGlobalSection
	GlobalSection(SolutionProperties) = preSolution
		HideSolutionNode = FALSE
	EndGlobalSection
	GlobalSection(ExtensibilityGlobals) = postSolution
		SolutionGuid = {0DA58701-1B5B-4E1D-B589-7FC5F0067665}
	EndGlobalSection
EndGlobal
